
Microsoft Visual Studio Solution File, Format Version 12.00
# Visual Studio 15
VisualStudioVersion = 15.0.28010.2036
MinimumVisualStudioVersion = 10.0.40219.1
Project("{2150E333-8FDC-42A3-9474-1A3956D46DE8}") = "Apps", "Apps", "{A2D8E25C-1AB3-42A8-98D4-00FD32BEDDBE}"
EndProject
Project("{9A19103F-16F7-4668-BE54-9A1E7A4F7556}") = "ByTheCake.App", "ByTheCakeApp\ByTheCake.App.csproj", "{14461613-4A87-4D96-B5D7-855EB2FA0E93}"
EndProject
Project("{9A19103F-16F7-4668-BE54-9A1E7A4F7556}") = "ByTheCakeApp.Models", "Models\ByTheCakeApp.Models.csproj", "{EB1CCA0F-D867-4E70-92A9-C665659911E9}"
EndProject
Project("{9A19103F-16F7-4668-BE54-9A1E7A4F7556}") = "ByTheCakeApp.Data", "Data\ByTheCakeApp.Data.csproj", "{271D321E-6834-4258-9E4A-7A9A1D917371}"
EndProject
Project("{2150E333-8FDC-42A3-9474-1A3956D46DE8}") = "CakeApp", "CakeApp", "{7A5DA6C1-7BEA-4F5E-8C0A-324028BFBA7B}"
EndProject
Project("{2150E333-8FDC-42A3-9474-1A3956D46DE8}") = "IRunesApp", "IRunesApp", "{A62CD918-8273-4E43-8261-67BDB560A6DE}"
EndProject
Project("{9A19103F-16F7-4668-BE54-9A1E7A4F7556}") = "IRunes.Models", "IRunes.Models\IRunes.Models.csproj", "{ABDA344C-3EF5-4D88-B822-2176CC97718A}"
EndProject
Project("{9A19103F-16F7-4668-BE54-9A1E7A4F7556}") = "IRunes.Data", "IRunes.Data\IRunes.Data.csproj", "{0167ED7F-A20F-4506-B751-E03601FEB36E}"
EndProject
Project("{9A19103F-16F7-4668-BE54-9A1E7A4F7556}") = "IRunes.App", "IRunes.App\IRunes.App.csproj", "{35660BD5-B3FE-4B7C-AA4F-117F8E22AEFF}"
EndProject
Project("{9A19103F-16F7-4668-BE54-9A1E7A4F7556}") = "SIS.HTTP", "SIS.HTTP\SIS.HTTP.csproj", "{1450CAA0-763F-433D-8EA8-D29710F0DB5A}"
EndProject
Project("{9A19103F-16F7-4668-BE54-9A1E7A4F7556}") = "SIS.WebServer", "SIS.WebServer\SIS.WebServer.csproj", "{69AA04D0-112C-4932-9527-1FA1C8AA0115}"
EndProject
Project("{9A19103F-16F7-4668-BE54-9A1E7A4F7556}") = "SIS.Framework", "SIS.Framework\SIS.Framework.csproj", "{230779C3-D10E-444A-9C8D-5E467619534C}"
EndProject
Project("{9A19103F-16F7-4668-BE54-9A1E7A4F7556}") = "SIS.App", "SIS.App\SIS.App.csproj", "{E5E16355-5CC9-498A-A0E1-C882D834A915}"
EndProject
Global
	GlobalSection(SolutionConfigurationPlatforms) = preSolution
		Debug|Any CPU = Debug|Any CPU
		Release|Any CPU = Release|Any CPU
	EndGlobalSection
	GlobalSection(ProjectConfigurationPlatforms) = postSolution
		{14461613-4A87-4D96-B5D7-855EB2FA0E93}.Debug|Any CPU.ActiveCfg = Debug|Any CPU
		{14461613-4A87-4D96-B5D7-855EB2FA0E93}.Debug|Any CPU.Build.0 = Debug|Any CPU
		{14461613-4A87-4D96-B5D7-855EB2FA0E93}.Release|Any CPU.ActiveCfg = Release|Any CPU
		{14461613-4A87-4D96-B5D7-855EB2FA0E93}.Release|Any CPU.Build.0 = Release|Any CPU
		{EB1CCA0F-D867-4E70-92A9-C665659911E9}.Debug|Any CPU.ActiveCfg = Debug|Any CPU
		{EB1CCA0F-D867-4E70-92A9-C665659911E9}.Debug|Any CPU.Build.0 = Debug|Any CPU
		{EB1CCA0F-D867-4E70-92A9-C665659911E9}.Release|Any CPU.ActiveCfg = Release|Any CPU
		{EB1CCA0F-D867-4E70-92A9-C665659911E9}.Release|Any CPU.Build.0 = Release|Any CPU
		{271D321E-6834-4258-9E4A-7A9A1D917371}.Debug|Any CPU.ActiveCfg = Debug|Any CPU
		{271D321E-6834-4258-9E4A-7A9A1D917371}.Debug|Any CPU.Build.0 = Debug|Any CPU
		{271D321E-6834-4258-9E4A-7A9A1D917371}.Release|Any CPU.ActiveCfg = Release|Any CPU
		{271D321E-6834-4258-9E4A-7A9A1D917371}.Release|Any CPU.Build.0 = Release|Any CPU
		{ABDA344C-3EF5-4D88-B822-2176CC97718A}.Debug|Any CPU.ActiveCfg = Debug|Any CPU
		{ABDA344C-3EF5-4D88-B822-2176CC97718A}.Debug|Any CPU.Build.0 = Debug|Any CPU
		{ABDA344C-3EF5-4D88-B822-2176CC97718A}.Release|Any CPU.ActiveCfg = Release|Any CPU
		{ABDA344C-3EF5-4D88-B822-2176CC97718A}.Release|Any CPU.Build.0 = Release|Any CPU
		{0167ED7F-A20F-4506-B751-E03601FEB36E}.Debug|Any CPU.ActiveCfg = Debug|Any CPU
		{0167ED7F-A20F-4506-B751-E03601FEB36E}.Debug|Any CPU.Build.0 = Debug|Any CPU
		{0167ED7F-A20F-4506-B751-E03601FEB36E}.Release|Any CPU.ActiveCfg = Release|Any CPU
		{0167ED7F-A20F-4506-B751-E03601FEB36E}.Release|Any CPU.Build.0 = Release|Any CPU
		{35660BD5-B3FE-4B7C-AA4F-117F8E22AEFF}.Debug|Any CPU.ActiveCfg = Debug|Any CPU
		{35660BD5-B3FE-4B7C-AA4F-117F8E22AEFF}.Debug|Any CPU.Build.0 = Debug|Any CPU
		{35660BD5-B3FE-4B7C-AA4F-117F8E22AEFF}.Release|Any CPU.ActiveCfg = Release|Any CPU
		{35660BD5-B3FE-4B7C-AA4F-117F8E22AEFF}.Release|Any CPU.Build.0 = Release|Any CPU
		{1450CAA0-763F-433D-8EA8-D29710F0DB5A}.Debug|Any CPU.ActiveCfg = Debug|Any CPU
		{1450CAA0-763F-433D-8EA8-D29710F0DB5A}.Debug|Any CPU.Build.0 = Debug|Any CPU
		{1450CAA0-763F-433D-8EA8-D29710F0DB5A}.Release|Any CPU.ActiveCfg = Release|Any CPU
		{1450CAA0-763F-433D-8EA8-D29710F0DB5A}.Release|Any CPU.Build.0 = Release|Any CPU
		{69AA04D0-112C-4932-9527-1FA1C8AA0115}.Debug|Any CPU.ActiveCfg = Debug|Any CPU
		{69AA04D0-112C-4932-9527-1FA1C8AA0115}.Debug|Any CPU.Build.0 = Debug|Any CPU
		{69AA04D0-112C-4932-9527-1FA1C8AA0115}.Release|Any CPU.ActiveCfg = Release|Any CPU
		{69AA04D0-112C-4932-9527-1FA1C8AA0115}.Release|Any CPU.Build.0 = Release|Any CPU
		{230779C3-D10E-444A-9C8D-5E467619534C}.Debug|Any CPU.ActiveCfg = Debug|Any CPU
		{230779C3-D10E-444A-9C8D-5E467619534C}.Debug|Any CPU.Build.0 = Debug|Any CPU
		{230779C3-D10E-444A-9C8D-5E467619534C}.Release|Any CPU.ActiveCfg = Release|Any CPU
		{230779C3-D10E-444A-9C8D-5E467619534C}.Release|Any CPU.Build.0 = Release|Any CPU
		{E5E16355-5CC9-498A-A0E1-C882D834A915}.Debug|Any CPU.ActiveCfg = Debug|Any CPU
		{E5E16355-5CC9-498A-A0E1-C882D834A915}.Debug|Any CPU.Build.0 = Debug|Any CPU
		{E5E16355-5CC9-498A-A0E1-C882D834A915}.Release|Any CPU.ActiveCfg = Release|Any CPU
		{E5E16355-5CC9-498A-A0E1-C882D834A915}.Release|Any CPU.Build.0 = Release|Any CPU
	EndGlobalSection
	GlobalSection(SolutionProperties) = preSolution
		HideSolutionNode = FALSE
	EndGlobalSection
	GlobalSection(NestedProjects) = preSolution
		{14461613-4A87-4D96-B5D7-855EB2FA0E93} = {7A5DA6C1-7BEA-4F5E-8C0A-324028BFBA7B}
		{EB1CCA0F-D867-4E70-92A9-C665659911E9} = {7A5DA6C1-7BEA-4F5E-8C0A-324028BFBA7B}
		{271D321E-6834-4258-9E4A-7A9A1D917371} = {7A5DA6C1-7BEA-4F5E-8C0A-324028BFBA7B}
		{7A5DA6C1-7BEA-4F5E-8C0A-324028BFBA7B} = {A2D8E25C-1AB3-42A8-98D4-00FD32BEDDBE}
		{A62CD918-8273-4E43-8261-67BDB560A6DE} = {A2D8E25C-1AB3-42A8-98D4-00FD32BEDDBE}
		{ABDA344C-3EF5-4D88-B822-2176CC97718A} = {A62CD918-8273-4E43-8261-67BDB560A6DE}
		{0167ED7F-A20F-4506-B751-E03601FEB36E} = {A62CD918-8273-4E43-8261-67BDB560A6DE}
		{35660BD5-B3FE-4B7C-AA4F-117F8E22AEFF} = {A62CD918-8273-4E43-8261-67BDB560A6DE}
	EndGlobalSection
	GlobalSection(ExtensibilityGlobals) = postSolution
		SolutionGuid = {1E515D6B-B422-4B90-AF61-3051DACCC6E9}
	EndGlobalSection
EndGlobal
